
Microsoft Visual Studio Solution File, Format Version 12.00
# Visual Studio 15
VisualStudioVersion = 15.0.27428.2015
MinimumVisualStudioVersion = 10.0.40219.1
Project("{FAE04EC0-301F-11D3-BF4B-00C04F79EFBC}") = "CorePaginationExample", "CorePaginationExample\CorePaginationExample.csproj", "{0CD46C58-13E7-4445-A49F-263A6093F2BF}"
EndProject
Project("{FAE04EC0-301F-11D3-BF4B-00C04F79EFBC}") = "CorePaginationExample.Tests", "CorePaginationExample.Tests\CorePaginationExample.Tests.csproj", "{A053075F-F086-48EB-9252-6A4899BF03A7}"
EndProject
Global
	GlobalSection(SolutionConfigurationPlatforms) = preSolution
		Debug|Any CPU = Debug|Any CPU
		Release|Any CPU = Release|Any CPU
	EndGlobalSection
	GlobalSection(ProjectConfigurationPlatforms) = postSolution
		{0CD46C58-13E7-4445-A49F-263A6093F2BF}.Debug|Any CPU.ActiveCfg = Debug|Any CPU
		{0CD46C58-13E7-4445-A49F-263A6093F2BF}.Debug|Any CPU.Build.0 = Debug|Any CPU
		{0CD46C58-13E7-4445-A49F-263A6093F2BF}.Release|Any CPU.ActiveCfg = Release|Any CPU
		{0CD46C58-13E7-4445-A49F-263A6093F2BF}.Release|Any CPU.Build.0 = Release|Any CPU
		{A053075F-F086-48EB-9252-6A4899BF03A7}.Debug|Any CPU.ActiveCfg = Debug|Any CPU
		{A053075F-F086-48EB-9252-6A4899BF03A7}.Debug|Any CPU.Build.0 = Debug|Any CPU
		{A053075F-F086-48EB-9252-6A4899BF03A7}.Release|Any CPU.ActiveCfg = Release|Any CPU
		{A053075F-F086-48EB-9252-6A4899BF03A7}.Release|Any CPU.Build.0 = Release|Any CPU
	EndGlobalSection
	GlobalSection(SolutionProperties) = preSolution
		HideSolutionNode = FALSE
	EndGlobalSection
	GlobalSection(ExtensibilityGlobals) = postSolution
		SolutionGuid = {A959F49E-BCCF-42EB-AECF-E4717465D0C0}
	EndGlobalSection
EndGlobal
